
Microsoft Visual Studio Solution File, Format Version 12.00
# Visual Studio 2012
Project("{FAE04EC0-301F-11D3-BF4B-00C04F79EFBC}") = "HurMangaVersaler", "WebApplication1\HurMangaVersaler.csproj", "{62C63A42-F9D6-4218-8B40-00BC26CB8DB8}"
EndProject
Global
	GlobalSection(SolutionConfigurationPlatforms) = preSolution
		Debug|Any CPU = Debug|Any CPU
		Release|Any CPU = Release|Any CPU
	EndGlobalSection
	GlobalSection(ProjectConfigurationPlatforms) = postSolution
		{62C63A42-F9D6-4218-8B40-00BC26CB8DB8}.Debug|Any CPU.ActiveCfg = Debug|Any CPU
		{62C63A42-F9D6-4218-8B40-00BC26CB8DB8}.Debug|Any CPU.Build.0 = Debug|Any CPU
		{62C63A42-F9D6-4218-8B40-00BC26CB8DB8}.Release|Any CPU.ActiveCfg = Release|Any CPU
		{62C63A42-F9D6-4218-8B40-00BC26CB8DB8}.Release|Any CPU.Build.0 = Release|Any CPU
	EndGlobalSection
	GlobalSection(SolutionProperties) = preSolution
		HideSolutionNode = FALSE
	EndGlobalSection
EndGlobal
